
Microsoft Visual Studio Solution File, Format Version 12.00
# Visual Studio Version 17
VisualStudioVersion = 17.9.34728.123
MinimumVisualStudioVersion = 10.0.40219.1
Project("{FAE04EC0-301F-11D3-BF4B-00C04F79EFBC}") = "dvcTheme", "dvcTheme.csproj", "{E0003AFE-75CE-440B-92FD-0A44CDC9522F}"
EndProject
Project("{2150E333-8FDC-42A3-9474-1A3956D46DE8}") = "Solution Items", "Solution Items", "{2FE459EF-6449-4236-B76C-075F6144C667}"
	ProjectSection(SolutionItems) = preProject
		bin\Debug\dvcTheme.vsix = bin\Debug\dvcTheme.vsix
	EndProjectSection
EndProject
Global
	GlobalSection(SolutionConfigurationPlatforms) = preSolution
		Debug|Any CPU = Debug|Any CPU
		Debug|arm64 = Debug|arm64
		Debug|x86 = Debug|x86
		Release|Any CPU = Release|Any CPU
		Release|arm64 = Release|arm64
		Release|x86 = Release|x86
	EndGlobalSection
	GlobalSection(ProjectConfigurationPlatforms) = postSolution
		{E0003AFE-75CE-440B-92FD-0A44CDC9522F}.Debug|Any CPU.ActiveCfg = Debug|Any CPU
		{E0003AFE-75CE-440B-92FD-0A44CDC9522F}.Debug|Any CPU.Build.0 = Debug|Any CPU
		{E0003AFE-75CE-440B-92FD-0A44CDC9522F}.Debug|arm64.ActiveCfg = Debug|arm64
		{E0003AFE-75CE-440B-92FD-0A44CDC9522F}.Debug|arm64.Build.0 = Debug|arm64
		{E0003AFE-75CE-440B-92FD-0A44CDC9522F}.Debug|x86.ActiveCfg = Debug|x86
		{E0003AFE-75CE-440B-92FD-0A44CDC9522F}.Debug|x86.Build.0 = Debug|x86
		{E0003AFE-75CE-440B-92FD-0A44CDC9522F}.Release|Any CPU.ActiveCfg = Release|Any CPU
		{E0003AFE-75CE-440B-92FD-0A44CDC9522F}.Release|Any CPU.Build.0 = Release|Any CPU
		{E0003AFE-75CE-440B-92FD-0A44CDC9522F}.Release|arm64.ActiveCfg = Release|arm64
		{E0003AFE-75CE-440B-92FD-0A44CDC9522F}.Release|arm64.Build.0 = Release|arm64
		{E0003AFE-75CE-440B-92FD-0A44CDC9522F}.Release|x86.ActiveCfg = Release|x86
		{E0003AFE-75CE-440B-92FD-0A44CDC9522F}.Release|x86.Build.0 = Release|x86
	EndGlobalSection
	GlobalSection(SolutionProperties) = preSolution
		HideSolutionNode = FALSE
	EndGlobalSection
	GlobalSection(ExtensibilityGlobals) = postSolution
		SolutionGuid = {383CF8EF-F463-4416-88B5-B993593A4877}
	EndGlobalSection
EndGlobal
